// !$*UTF8*$!
{
	archiveVersion = 1;
	classes = {
	};
	objectVersion = 56;
	objects = {

/* Begin PBXBuildFile section */
		B383840C2B019548004F1949 /* ODDParallaxSliderApp.swift in Sources */ = {isa = PBXBuildFile; fileRef = B383840B2B019548004F1949 /* ODDParallaxSliderApp.swift */; };
		B38384102B019549004F1949 /* Assets.xcassets in Resources */ = {isa = PBXBuildFile; fileRef = B383840F2B019549004F1949 /* Assets.xcassets */; };
		B38384142B01954A004F1949 /* Preview Assets.xcassets in Resources */ = {isa = PBXBuildFile; fileRef = B38384132B01954A004F1949 /* Preview Assets.xcassets */; };
		B383841F2B019637004F1949 /* ODDParallaxSliderItem.swift in Sources */ = {isa = PBXBuildFile; fileRef = B383841A2B019637004F1949 /* ODDParallaxSliderItem.swift */; };
		B38384202B019637004F1949 /* ODDParallaxSlider+PageControl.swift in Sources */ = {isa = PBXBuildFile; fileRef = B383841B2B019637004F1949 /* ODDParallaxSlider+PageControl.swift */; };
		B38384212B019637004F1949 /* ODDParallaxSlider.swift in Sources */ = {isa = PBXBuildFile; fileRef = B383841C2B019637004F1949 /* ODDParallaxSlider.swift */; };
		B38384222B019637004F1949 /* ODDParallaxSlider+ParallaxEffect.swift in Sources */ = {isa = PBXBuildFile; fileRef = B383841D2B019637004F1949 /* ODDParallaxSlider+ParallaxEffect.swift */; };
		B38384232B019637004F1949 /* ODDParallaxSlider+Configuration.swift in Sources */ = {isa = PBXBuildFile; fileRef = B383841E2B019637004F1949 /* ODDParallaxSlider+Configuration.swift */; };
		B38384252B01964D004F1949 /* ODDPageControl.swift in Sources */ = {isa = PBXBuildFile; fileRef = B38384242B01964D004F1949 /* ODDPageControl.swift */; };
		B38384272B01983C004F1949 /* ODDParallaxSliderExampleView.swift in Sources */ = {isa = PBXBuildFile; fileRef = B38384262B01983C004F1949 /* ODDParallaxSliderExampleView.swift */; };
		B383842A2B01988E004F1949 /* ExampleParallaxSliderItem.swift in Sources */ = {isa = PBXBuildFile; fileRef = B38384292B01988E004F1949 /* ExampleParallaxSliderItem.swift */; };
/* End PBXBuildFile section */

/* Begin PBXFileReference section */
		B38384082B019548004F1949 /* ODDParallaxSlider.app */ = {isa = PBXFileReference; explicitFileType = wrapper.application; includeInIndex = 0; path = ODDParallaxSlider.app; sourceTree = BUILT_PRODUCTS_DIR; };
		B383840B2B019548004F1949 /* ODDParallaxSliderApp.swift */ = {isa = PBXFileReference; lastKnownFileType = sourcecode.swift; path = ODDParallaxSliderApp.swift; sourceTree = "<group>"; };
		B383840F2B019549004F1949 /* Assets.xcassets */ = {isa = PBXFileReference; lastKnownFileType = folder.assetcatalog; path = Assets.xcassets; sourceTree = "<group>"; };
		B38384112B019549004F1949 /* ODDParallaxSlider.entitlements */ = {isa = PBXFileReference; lastKnownFileType = text.plist.entitlements; path = ODDParallaxSlider.entitlements; sourceTree = "<group>"; };
		B38384132B01954A004F1949 /* Preview Assets.xcassets */ = {isa = PBXFileReference; lastKnownFileType = folder.assetcatalog; path = "Preview Assets.xcassets"; sourceTree = "<group>"; };
		B383841A2B019637004F1949 /* ODDParallaxSliderItem.swift */ = {isa = PBXFileReference; fileEncoding = 4; lastKnownFileType = sourcecode.swift; path = ODDParallaxSliderItem.swift; sourceTree = "<group>"; };
		B383841B2B019637004F1949 /* ODDParallaxSlider+PageControl.swift */ = {isa = PBXFileReference; fileEncoding = 4; lastKnownFileType = sourcecode.swift; path = "ODDParallaxSlider+PageControl.swift"; sourceTree = "<group>"; };
		B383841C2B019637004F1949 /* ODDParallaxSlider.swift */ = {isa = PBXFileReference; fileEncoding = 4; lastKnownFileType = sourcecode.swift; path = ODDParallaxSlider.swift; sourceTree = "<group>"; };
		B383841D2B019637004F1949 /* ODDParallaxSlider+ParallaxEffect.swift */ = {isa = PBXFileReference; fileEncoding = 4; lastKnownFileType = sourcecode.swift; path = "ODDParallaxSlider+ParallaxEffect.swift"; sourceTree = "<group>"; };
		B383841E2B019637004F1949 /* ODDParallaxSlider+Configuration.swift */ = {isa = PBXFileReference; fileEncoding = 4; lastKnownFileType = sourcecode.swift; path = "ODDParallaxSlider+Configuration.swift"; sourceTree = "<group>"; };
		B38384242B01964D004F1949 /* ODDPageControl.swift */ = {isa = PBXFileReference; fileEncoding = 4; lastKnownFileType = sourcecode.swift; path = ODDPageControl.swift; sourceTree = "<group>"; };
		B38384262B01983C004F1949 /* ODDParallaxSliderExampleView.swift */ = {isa = PBXFileReference; lastKnownFileType = sourcecode.swift; path = ODDParallaxSliderExampleView.swift; sourceTree = "<group>"; };
		B38384292B01988E004F1949 /* ExampleParallaxSliderItem.swift */ = {isa = PBXFileReference; lastKnownFileType = sourcecode.swift; path = ExampleParallaxSliderItem.swift; sourceTree = "<group>"; };
/* End PBXFileReference section */

/* Begin PBXFrameworksBuildPhase section */
		B38384052B019548004F1949 /* Frameworks */ = {
			isa = PBXFrameworksBuildPhase;
			buildActionMask = 2147483647;
			files = (
			);
			runOnlyForDeploymentPostprocessing = 0;
		};
/* End PBXFrameworksBuildPhase section */

/* Begin PBXGroup section */
		B38383FF2B019548004F1949 = {
			isa = PBXGroup;
			children = (
				B383840A2B019548004F1949 /* ODDParallaxSlider */,
				B38384092B019548004F1949 /* Products */,
			);
			sourceTree = "<group>";
		};
		B38384092B019548004F1949 /* Products */ = {
			isa = PBXGroup;
			children = (
				B38384082B019548004F1949 /* ODDParallaxSlider.app */,
			);
			name = Products;
			sourceTree = "<group>";
		};
		B383840A2B019548004F1949 /* ODDParallaxSlider */ = {
			isa = PBXGroup;
			children = (
				B38384282B01985F004F1949 /* Example */,
				B383840B2B019548004F1949 /* ODDParallaxSliderApp.swift */,
				B383841C2B019637004F1949 /* ODDParallaxSlider.swift */,
				B383841E2B019637004F1949 /* ODDParallaxSlider+Configuration.swift */,
				B383841B2B019637004F1949 /* ODDParallaxSlider+PageControl.swift */,
				B383841D2B019637004F1949 /* ODDParallaxSlider+ParallaxEffect.swift */,
				B383841A2B019637004F1949 /* ODDParallaxSliderItem.swift */,
				B38384242B01964D004F1949 /* ODDPageControl.swift */,
				B383840F2B019549004F1949 /* Assets.xcassets */,
				B38384112B019549004F1949 /* ODDParallaxSlider.entitlements */,
				B38384122B01954A004F1949 /* Preview Content */,
			);
			path = ODDParallaxSlider;
			sourceTree = "<group>";
		};
		B38384122B01954A004F1949 /* Preview Content */ = {
			isa = PBXGroup;
			children = (
				B38384132B01954A004F1949 /* Preview Assets.xcassets */,
			);
			path = "Preview Content";
			sourceTree = "<group>";
		};
		B38384282B01985F004F1949 /* Example */ = {
			isa = PBXGroup;
			children = (
				B38384262B01983C004F1949 /* ODDParallaxSliderExampleView.swift */,
				B38384292B01988E004F1949 /* ExampleParallaxSliderItem.swift */,
			);
			path = Example;
			sourceTree = "<group>";
		};
/* End PBXGroup section */

/* Begin PBXNativeTarget section */
		B38384072B019548004F1949 /* ODDParallaxSlider */ = {
			isa = PBXNativeTarget;
			buildConfigurationList = B38384172B01954A004F1949 /* Build configuration list for PBXNativeTarget "ODDParallaxSlider" */;
			buildPhases = (
				B38384042B019548004F1949 /* Sources */,
				B38384052B019548004F1949 /* Frameworks */,
				B38384062B019548004F1949 /* Resources */,
			);
			buildRules = (
			);
			dependencies = (
			);
			name = ODDParallaxSlider;
			productName = ODDParallaxSlider;
			productReference = B38384082B019548004F1949 /* ODDParallaxSlider.app */;
			productType = "com.apple.product-type.application";
		};
/* End PBXNativeTarget section */

/* Begin PBXProject section */
		B38384002B019548004F1949 /* Project object */ = {
			isa = PBXProject;
			attributes = {
				BuildIndependentTargetsInParallel = 1;
				LastSwiftUpdateCheck = 1500;
				LastUpgradeCheck = 1500;
				TargetAttributes = {
					B38384072B019548004F1949 = {
						CreatedOnToolsVersion = 15.0.1;
					};
				};
			};
			buildConfigurationList = B38384032B019548004F1949 /* Build configuration list for PBXProject "ODDParallaxSlider" */;
			compatibilityVersion = "Xcode 14.0";
			developmentRegion = en;
			hasScannedForEncodings = 0;
			knownRegions = (
				en,
				Base,
			);
			mainGroup = B38383FF2B019548004F1949;
			productRefGroup = B38384092B019548004F1949 /* Products */;
			projectDirPath = "";
			projectRoot = "";
			targets = (
				B38384072B019548004F1949 /* ODDParallaxSlider */,
			);
		};
/* End PBXProject section */

/* Begin PBXResourcesBuildPhase section */
		B38384062B019548004F1949 /* Resources */ = {
			isa = PBXResourcesBuildPhase;
			buildActionMask = 2147483647;
			files = (
				B38384142B01954A004F1949 /* Preview Assets.xcassets in Resources */,
				B38384102B019549004F1949 /* Assets.xcassets in Resources */,
			);
			runOnlyForDeploymentPostprocessing = 0;
		};
/* End PBXResourcesBuildPhase section */

/* Begin PBXSourcesBuildPhase section */
		B38384042B019548004F1949 /* Sources */ = {
			isa = PBXSourcesBuildPhase;
			buildActionMask = 2147483647;
			files = (
				B38384212B019637004F1949 /* ODDParallaxSlider.swift in Sources */,
				B383841F2B019637004F1949 /* ODDParallaxSliderItem.swift in Sources */,
				B38384202B019637004F1949 /* ODDParallaxSlider+PageControl.swift in Sources */,
				B383842A2B01988E004F1949 /* ExampleParallaxSliderItem.swift in Sources */,
				B38384272B01983C004F1949 /* ODDParallaxSliderExampleView.swift in Sources */,
				B38384252B01964D004F1949 /* ODDPageControl.swift in Sources */,
				B38384232B019637004F1949 /* ODDParallaxSlider+Configuration.swift in Sources */,
				B383840C2B019548004F1949 /* ODDParallaxSliderApp.swift in Sources */,
				B38384222B019637004F1949 /* ODDParallaxSlider+ParallaxEffect.swift in Sources */,
			);
			runOnlyForDeploymentPostprocessing = 0;
		};
/* End PBXSourcesBuildPhase section */

/* Begin XCBuildConfiguration section */
		B38384152B01954A004F1949 /* Debug */ = {
			isa = XCBuildConfiguration;
			buildSettings = {
				ALWAYS_SEARCH_USER_PATHS = NO;
				ASSETCATALOG_COMPILER_GENERATE_SWIFT_ASSET_SYMBOL_EXTENSIONS = YES;
				CLANG_ANALYZER_NONNULL = YES;
				CLANG_ANALYZER_NUMBER_OBJECT_CONVERSION = YES_AGGRESSIVE;
				CLANG_CXX_LANGUAGE_STANDARD = "gnu++20";
				CLANG_ENABLE_MODULES = YES;
				CLANG_ENABLE_OBJC_ARC = YES;
				CLANG_ENABLE_OBJC_WEAK = YES;
				CLANG_WARN_BLOCK_CAPTURE_AUTORELEASING = YES;
				CLANG_WARN_BOOL_CONVERSION = YES;
				CLANG_WARN_COMMA = YES;
				CLANG_WARN_CONSTANT_CONVERSION = YES;
				CLANG_WARN_DEPRECATED_OBJC_IMPLEMENTATIONS = YES;
				CLANG_WARN_DIRECT_OBJC_ISA_USAGE = YES_ERROR;
				CLANG_WARN_DOCUMENTATION_COMMENTS = YES;
				CLANG_WARN_EMPTY_BODY = YES;
				CLANG_WARN_ENUM_CONVERSION = YES;
				CLANG_WARN_INFINITE_RECURSION = YES;
				CLANG_WARN_INT_CONVERSION = YES;
				CLANG_WARN_NON_LITERAL_NULL_CONVERSION = YES;
				CLANG_WARN_OBJC_IMPLICIT_RETAIN_SELF = YES;
				CLANG_WARN_OBJC_LITERAL_CONVERSION = YES;
				CLANG_WARN_OBJC_ROOT_CLASS = YES_ERROR;
				CLANG_WARN_QUOTED_INCLUDE_IN_FRAMEWORK_HEADER = YES;
				CLANG_WARN_RANGE_LOOP_ANALYSIS = YES;
				CLANG_WARN_STRICT_PROTOTYPES = YES;
				CLANG_WARN_SUSPICIOUS_MOVE = YES;
				CLANG_WARN_UNGUARDED_AVAILABILITY = YES_AGGRESSIVE;
				CLANG_WARN_UNREACHABLE_CODE = YES;
				CLANG_WARN__DUPLICATE_METHOD_MATCH = YES;
				COPY_PHASE_STRIP = NO;
				DEBUG_INFORMATION_FORMAT = dwarf;
				ENABLE_STRICT_OBJC_MSGSEND = YES;
				ENABLE_TESTABILITY = YES;
				ENABLE_USER_SCRIPT_SANDBOXING = YES;
				GCC_C_LANGUAGE_STANDARD = gnu17;
				GCC_DYNAMIC_NO_PIC = NO;
				GCC_NO_COMMON_BLOCKS = YES;
				GCC_OPTIMIZATION_LEVEL = 0;
				GCC_PREPROCESSOR_DEFINITIONS = (
					"DEBUG=1",
					"$(inherited)",
				);
				GCC_WARN_64_TO_32_BIT_CONVERSION = YES;
				GCC_WARN_ABOUT_RETURN_TYPE = YES_ERROR;
				GCC_WARN_UNDECLARED_SELECTOR = YES;
				GCC_WARN_UNINITIALIZED_AUTOS = YES_AGGRESSIVE;
				GCC_WARN_UNUSED_FUNCTION = YES;
				GCC_WARN_UNUSED_VARIABLE = YES;
				LOCALIZATION_PREFERS_STRING_CATALOGS = YES;
				MTL_ENABLE_DEBUG_INFO = INCLUDE_SOURCE;
				MTL_FAST_MATH = YES;
				ONLY_ACTIVE_ARCH = YES;
				SWIFT_ACTIVE_COMPILATION_CONDITIONS = "DEBUG $(inherited)";
				SWIFT_OPTIMIZATION_LEVEL = "-Onone";
			};
			name = Debug;
		};
		B38384162B01954A004F1949 /* Release */ = {
			isa = XCBuildConfiguration;
			buildSettings = {
				ALWAYS_SEARCH_USER_PATHS = NO;
				ASSETCATALOG_COMPILER_GENERATE_SWIFT_ASSET_SYMBOL_EXTENSIONS = YES;
				CLANG_ANALYZER_NONNULL = YES;
				CLANG_ANALYZER_NUMBER_OBJECT_CONVERSION = YES_AGGRESSIVE;
				CLANG_CXX_LANGUAGE_STANDARD = "gnu++20";
				CLANG_ENABLE_MODULES = YES;
				CLANG_ENABLE_OBJC_ARC = YES;
				CLANG_ENABLE_OBJC_WEAK = YES;
				CLANG_WARN_BLOCK_CAPTURE_AUTORELEASING = YES;
				CLANG_WARN_BOOL_CONVERSION = YES;
				CLANG_WARN_COMMA = YES;
				CLANG_WARN_CONSTANT_CONVERSION = YES;
				CLANG_WARN_DEPRECATED_OBJC_IMPLEMENTATIONS = YES;
				CLANG_WARN_DIRECT_OBJC_ISA_USAGE = YES_ERROR;
				CLANG_WARN_DOCUMENTATION_COMMENTS = YES;
				CLANG_WARN_EMPTY_BODY = YES;
				CLANG_WARN_ENUM_CONVERSION = YES;
				CLANG_WARN_INFINITE_RECURSION = YES;
				CLANG_WARN_INT_CONVERSION = YES;
				CLANG_WARN_NON_LITERAL_NULL_CONVERSION = YES;
				CLANG_WARN_OBJC_IMPLICIT_RETAIN_SELF = YES;
				CLANG_WARN_OBJC_LITERAL_CONVERSION = YES;
				CLANG_WARN_OBJC_ROOT_CLASS = YES_ERROR;
				CLANG_WARN_QUOTED_INCLUDE_IN_FRAMEWORK_HEADER = YES;
				CLANG_WARN_RANGE_LOOP_ANALYSIS = YES;
				CLANG_WARN_STRICT_PROTOTYPES = YES;
				CLANG_WARN_SUSPICIOUS_MOVE = YES;
				CLANG_WARN_UNGUARDED_AVAILABILITY = YES_AGGRESSIVE;
				CLANG_WARN_UNREACHABLE_CODE = YES;
				CLANG_WARN__DUPLICATE_METHOD_MATCH = YES;
				COPY_PHASE_STRIP = NO;
				DEBUG_INFORMATION_FORMAT = "dwarf-with-dsym";
				ENABLE_NS_ASSERTIONS = NO;
				ENABLE_STRICT_OBJC_MSGSEND = YES;
				ENABLE_USER_SCRIPT_SANDBOXING = YES;
				GCC_C_LANGUAGE_STANDARD = gnu17;
				GCC_NO_COMMON_BLOCKS = YES;
				GCC_WARN_64_TO_32_BIT_CONVERSION = YES;
				GCC_WARN_ABOUT_RETURN_TYPE = YES_ERROR;
				GCC_WARN_UNDECLARED_SELECTOR = YES;
				GCC_WARN_UNINITIALIZED_AUTOS = YES_AGGRESSIVE;
				GCC_WARN_UNUSED_FUNCTION = YES;
				GCC_WARN_UNUSED_VARIABLE = YES;
				LOCALIZATION_PREFERS_STRING_CATALOGS = YES;
				MTL_ENABLE_DEBUG_INFO = NO;
				MTL_FAST_MATH = YES;
				SWIFT_COMPILATION_MODE = wholemodule;
			};
			name = Release;
		};
		B38384182B01954A004F1949 /* Debug */ = {
			isa = XCBuildConfiguration;
			buildSettings = {
				ASSETCATALOG_COMPILER_APPICON_NAME = AppIcon;
				ASSETCATALOG_COMPILER_GLOBAL_ACCENT_COLOR_NAME = AccentColor;
				CODE_SIGN_ENTITLEMENTS = ODDParallaxSlider/ODDParallaxSlider.entitlements;
				CODE_SIGN_STYLE = Automatic;
				CURRENT_PROJECT_VERSION = 1;
				DEVELOPMENT_ASSET_PATHS = "\"ODDParallaxSlider/Preview Content\"";
				DEVELOPMENT_TEAM = UK479KL94J;
				ENABLE_HARDENED_RUNTIME = YES;
				ENABLE_PREVIEWS = YES;
				GENERATE_INFOPLIST_FILE = YES;
				"INFOPLIST_KEY_UIApplicationSceneManifest_Generation[sdk=iphoneos*]" = YES;
				"INFOPLIST_KEY_UIApplicationSceneManifest_Generation[sdk=iphonesimulator*]" = YES;
				"INFOPLIST_KEY_UIApplicationSupportsIndirectInputEvents[sdk=iphoneos*]" = YES;
				"INFOPLIST_KEY_UIApplicationSupportsIndirectInputEvents[sdk=iphonesimulator*]" = YES;
				"INFOPLIST_KEY_UILaunchScreen_Generation[sdk=iphoneos*]" = YES;
				"INFOPLIST_KEY_UILaunchScreen_Generation[sdk=iphonesimulator*]" = YES;
				"INFOPLIST_KEY_UIStatusBarStyle[sdk=iphoneos*]" = UIStatusBarStyleDefault;
				"INFOPLIST_KEY_UIStatusBarStyle[sdk=iphonesimulator*]" = UIStatusBarStyleDefault;
				INFOPLIST_KEY_UISupportedInterfaceOrientations_iPad = "UIInterfaceOrientationPortrait UIInterfaceOrientationPortraitUpsideDown UIInterfaceOrientationLandscapeLeft UIInterfaceOrientationLandscapeRight";
				INFOPLIST_KEY_UISupportedInterfaceOrientations_iPhone = "UIInterfaceOrientationPortrait UIInterfaceOrientationLandscapeLeft UIInterfaceOrientationLandscapeRight";
				IPHONEOS_DEPLOYMENT_TARGET = 17.0;
				LD_RUNPATH_SEARCH_PATHS = "@executable_path/Frameworks";
				"LD_RUNPATH_SEARCH_PATHS[sdk=macosx*]" = "@executable_path/../Frameworks";
				MACOSX_DEPLOYMENT_TARGET = 14.0;
				MARKETING_VERSION = 1.0;
				PRODUCT_BUNDLE_IDENTIFIER = oddand.ODDParallaxSlider;
				PRODUCT_NAME = "$(TARGET_NAME)";
				SDKROOT = auto;
				SUPPORTED_PLATFORMS = "iphoneos iphonesimulator";
				SUPPORTS_MACCATALYST = NO;
				SWIFT_EMIT_LOC_STRINGS = YES;
				SWIFT_VERSION = 5.0;
				TARGETED_DEVICE_FAMILY = "1,2";
			};
			name = Debug;
		};
		B38384192B01954A004F1949 /* Release */ = {
			isa = XCBuildConfiguration;
			buildSettings = {
				ASSETCATALOG_COMPILER_APPICON_NAME = AppIcon;
				ASSETCATALOG_COMPILER_GLOBAL_ACCENT_COLOR_NAME = AccentColor;
				CODE_SIGN_ENTITLEMENTS = ODDParallaxSlider/ODDParallaxSlider.entitlements;
				CODE_SIGN_STYLE = Automatic;
				CURRENT_PROJECT_VERSION = 1;
				DEVELOPMENT_ASSET_PATHS = "\"ODDParallaxSlider/Preview Content\"";
				DEVELOPMENT_TEAM = UK479KL94J;
				ENABLE_HARDENED_RUNTIME = YES;
				ENABLE_PREVIEWS = YES;
				GENERATE_INFOPLIST_FILE = YES;
				"INFOPLIST_KEY_UIApplicationSceneManifest_Generation[sdk=iphoneos*]" = YES;
				"INFOPLIST_KEY_UIApplicationSceneManifest_Generation[sdk=iphonesimulator*]" = YES;
				"INFOPLIST_KEY_UIApplicationSupportsIndirectInputEvents[sdk=iphoneos*]" = YES;
				"INFOPLIST_KEY_UIApplicationSupportsIndirectInputEvents[sdk=iphonesimulator*]" = YES;
				"INFOPLIST_KEY_UILaunchScreen_Generation[sdk=iphoneos*]" = YES;
				"INFOPLIST_KEY_UILaunchScreen_Generation[sdk=iphonesimulator*]" = YES;
				"INFOPLIST_KEY_UIStatusBarStyle[sdk=iphoneos*]" = UIStatusBarStyleDefault;
				"INFOPLIST_KEY_UIStatusBarStyle[sdk=iphonesimulator*]" = UIStatusBarStyleDefault;
				INFOPLIST_KEY_UISupportedInterfaceOrientations_iPad = "UIInterfaceOrientationPortrait UIInterfaceOrientationPortraitUpsideDown UIInterfaceOrientationLandscapeLeft UIInterfaceOrientationLandscapeRight";
				INFOPLIST_KEY_UISupportedInterfaceOrientations_iPhone = "UIInterfaceOrientationPortrait UIInterfaceOrientationLandscapeLeft UIInterfaceOrientationLandscapeRight";
				IPHONEOS_DEPLOYMENT_TARGET = 17.0;
				LD_RUNPATH_SEARCH_PATHS = "@executable_path/Frameworks";
				"LD_RUNPATH_SEARCH_PATHS[sdk=macosx*]" = "@executable_path/../Frameworks";
				MACOSX_DEPLOYMENT_TARGET = 14.0;
				MARKETING_VERSION = 1.0;
				PRODUCT_BUNDLE_IDENTIFIER = oddand.ODDParallaxSlider;
				PRODUCT_NAME = "$(TARGET_NAME)";
				SDKROOT = auto;
				SUPPORTED_PLATFORMS = "iphoneos iphonesimulator";
				SUPPORTS_MACCATALYST = NO;
				SWIFT_EMIT_LOC_STRINGS = YES;
				SWIFT_VERSION = 5.0;
				TARGETED_DEVICE_FAMILY = "1,2";
			};
			name = Release;
		};
/* End XCBuildConfiguration section */

/* Begin XCConfigurationList section */
		B38384032B019548004F1949 /* Build configuration list for PBXProject "ODDParallaxSlider" */ = {
			isa = XCConfigurationList;
			buildConfigurations = (
				B38384152B01954A004F1949 /* Debug */,
				B38384162B01954A004F1949 /* Release */,
			);
			defaultConfigurationIsVisible = 0;
			defaultConfigurationName = Release;
		};
		B38384172B01954A004F1949 /* Build configuration list for PBXNativeTarget "ODDParallaxSlider" */ = {
			isa = XCConfigurationList;
			buildConfigurations = (
				B38384182B01954A004F1949 /* Debug */,
				B38384192B01954A004F1949 /* Release */,
			);
			defaultConfigurationIsVisible = 0;
			defaultConfigurationName = Release;
		};
/* End XCConfigurationList section */
	};
	rootObject = B38384002B019548004F1949 /* Project object */;
}
